
Microsoft Visual Studio Solution File, Format Version 12.00
# Visual Studio Version 17
VisualStudioVersion = 17.2.32602.215
MinimumVisualStudioVersion = 10.0.40219.1
Project("{9A19103F-16F7-4668-BE54-9A1E7A4F7556}") = "WebServer", "WebServer\WebServer.csproj", "{78F83C59-EC8C-4C3A-9F00-251A91726FB9}"
EndProject
Project("{8BC9CEB8-8B4A-11D0-8D11-00A0C91BC942}") = "TestApplication", "TestApplication\TestApplication.vcxproj", "{CF9B1CC3-6A27-4A58-83DA-D254E184EE24}"
EndProject
Global
	GlobalSection(SolutionConfigurationPlatforms) = preSolution
		Debug|x64 = Debug|x64
		Release|x64 = Release|x64
	EndGlobalSection
	GlobalSection(ProjectConfigurationPlatforms) = postSolution
		{78F83C59-EC8C-4C3A-9F00-251A91726FB9}.Debug|x64.ActiveCfg = Debug|Any CPU
		{78F83C59-EC8C-4C3A-9F00-251A91726FB9}.Debug|x64.Build.0 = Debug|Any CPU
		{78F83C59-EC8C-4C3A-9F00-251A91726FB9}.Release|x64.ActiveCfg = Release|Any CPU
		{78F83C59-EC8C-4C3A-9F00-251A91726FB9}.Release|x64.Build.0 = Release|Any CPU
		{CF9B1CC3-6A27-4A58-83DA-D254E184EE24}.Debug|x64.ActiveCfg = Debug|x64
		{CF9B1CC3-6A27-4A58-83DA-D254E184EE24}.Debug|x64.Build.0 = Debug|x64
		{CF9B1CC3-6A27-4A58-83DA-D254E184EE24}.Release|x64.ActiveCfg = Release|x64
		{CF9B1CC3-6A27-4A58-83DA-D254E184EE24}.Release|x64.Build.0 = Release|x64
	EndGlobalSection
	GlobalSection(SolutionProperties) = preSolution
		HideSolutionNode = FALSE
	EndGlobalSection
	GlobalSection(ExtensibilityGlobals) = postSolution
		SolutionGuid = {C4822C41-A1D8-4484-984A-E4675BC57C91}
	EndGlobalSection
EndGlobal
